
Microsoft Visual Studio Solution File, Format Version 12.00
# Visual Studio Version 17
VisualStudioVersion = 17.5.002.0
MinimumVisualStudioVersion = 10.0.40219.1
Project("{9A19103F-16F7-4668-BE54-9A1E7A4F7556}") = "CIDM3312FinalProject1", "CIDM3312FinalProject1.csproj", "{DBF8120C-BAC5-4880-B659-A928DA79640D}"
EndProject
Global
	GlobalSection(SolutionConfigurationPlatforms) = preSolution
		Debug|Any CPU = Debug|Any CPU
		Release|Any CPU = Release|Any CPU
	EndGlobalSection
	GlobalSection(ProjectConfigurationPlatforms) = postSolution
		{DBF8120C-BAC5-4880-B659-A928DA79640D}.Debug|Any CPU.ActiveCfg = Debug|Any CPU
		{DBF8120C-BAC5-4880-B659-A928DA79640D}.Debug|Any CPU.Build.0 = Debug|Any CPU
		{DBF8120C-BAC5-4880-B659-A928DA79640D}.Release|Any CPU.ActiveCfg = Release|Any CPU
		{DBF8120C-BAC5-4880-B659-A928DA79640D}.Release|Any CPU.Build.0 = Release|Any CPU
	EndGlobalSection
	GlobalSection(SolutionProperties) = preSolution
		HideSolutionNode = FALSE
	EndGlobalSection
	GlobalSection(ExtensibilityGlobals) = postSolution
		SolutionGuid = {F090AD03-2BAA-4C47-8578-641CAF9BD1D5}
	EndGlobalSection
EndGlobal
